
Microsoft Visual Studio Solution File, Format Version 12.00
# Visual Studio 2015
Project("{FAE04EC0-301F-11D3-BF4B-00C04F79EFBC}") = "FBLA Space Shooter.CSharp", "FBLA Space Shooter.CSharp.csproj", "{DA37FF3A-8998-934D-7EFD-1DC9E718086D}"
EndProject
Global
	GlobalSection(SolutionConfigurationPlatforms) = preSolution
		Debug|Any CPU = Debug|Any CPU
		Release|Any CPU = Release|Any CPU
	EndGlobalSection
	GlobalSection(ProjectConfigurationPlatforms) = postSolution
		{DA37FF3A-8998-934D-7EFD-1DC9E718086D}.Debug|Any CPU.ActiveCfg = Debug|Any CPU
		{DA37FF3A-8998-934D-7EFD-1DC9E718086D}.Debug|Any CPU.Build.0 = Debug|Any CPU
		{DA37FF3A-8998-934D-7EFD-1DC9E718086D}.Release|Any CPU.ActiveCfg = Release|Any CPU
		{DA37FF3A-8998-934D-7EFD-1DC9E718086D}.Release|Any CPU.Build.0 = Release|Any CPU
	EndGlobalSection
	GlobalSection(SolutionProperties) = preSolution
		HideSolutionNode = FALSE
	EndGlobalSection
EndGlobal
